
Microsoft Visual Studio Solution File, Format Version 12.00
# Visual Studio 15
VisualStudioVersion = 15.0.28010.2019
MinimumVisualStudioVersion = 10.0.40219.1
Project("{8BC9CEB8-8B4A-11D0-8D11-00A0C91BC942}") = "픽셀수세기", "픽셀수세기\픽셀수세기.vcxproj", "{3D3BDF6B-D281-489B-A4C3-81E079737DE3}"
EndProject
Global
	GlobalSection(SolutionConfigurationPlatforms) = preSolution
		Debug|x64 = Debug|x64
		Debug|x86 = Debug|x86
		Release|x64 = Release|x64
		Release|x86 = Release|x86
	EndGlobalSection
	GlobalSection(ProjectConfigurationPlatforms) = postSolution
		{3D3BDF6B-D281-489B-A4C3-81E079737DE3}.Debug|x64.ActiveCfg = Debug|x64
		{3D3BDF6B-D281-489B-A4C3-81E079737DE3}.Debug|x64.Build.0 = Debug|x64
		{3D3BDF6B-D281-489B-A4C3-81E079737DE3}.Debug|x86.ActiveCfg = Debug|Win32
		{3D3BDF6B-D281-489B-A4C3-81E079737DE3}.Debug|x86.Build.0 = Debug|Win32
		{3D3BDF6B-D281-489B-A4C3-81E079737DE3}.Release|x64.ActiveCfg = Release|x64
		{3D3BDF6B-D281-489B-A4C3-81E079737DE3}.Release|x64.Build.0 = Release|x64
		{3D3BDF6B-D281-489B-A4C3-81E079737DE3}.Release|x86.ActiveCfg = Release|Win32
		{3D3BDF6B-D281-489B-A4C3-81E079737DE3}.Release|x86.Build.0 = Release|Win32
	EndGlobalSection
	GlobalSection(SolutionProperties) = preSolution
		HideSolutionNode = FALSE
	EndGlobalSection
	GlobalSection(ExtensibilityGlobals) = postSolution
		SolutionGuid = {3CC79610-582F-4138-9E0B-B0F5BE5A49A7}
	EndGlobalSection
EndGlobal
