
Microsoft Visual Studio Solution File, Format Version 12.00
# Visual Studio 15
VisualStudioVersion = 15.0.28010.2019
MinimumVisualStudioVersion = 10.0.40219.1
Project("{8BC9CEB8-8B4A-11D0-8D11-00A0C91BC942}") = "조세퍼스의문제", "조세퍼스의문제\조세퍼스의문제.vcxproj", "{2DF4F75C-E555-48B8-8EA4-5DC9CD833FDE}"
EndProject
Global
	GlobalSection(SolutionConfigurationPlatforms) = preSolution
		Debug|x64 = Debug|x64
		Debug|x86 = Debug|x86
		Release|x64 = Release|x64
		Release|x86 = Release|x86
	EndGlobalSection
	GlobalSection(ProjectConfigurationPlatforms) = postSolution
		{2DF4F75C-E555-48B8-8EA4-5DC9CD833FDE}.Debug|x64.ActiveCfg = Debug|x64
		{2DF4F75C-E555-48B8-8EA4-5DC9CD833FDE}.Debug|x64.Build.0 = Debug|x64
		{2DF4F75C-E555-48B8-8EA4-5DC9CD833FDE}.Debug|x86.ActiveCfg = Debug|Win32
		{2DF4F75C-E555-48B8-8EA4-5DC9CD833FDE}.Debug|x86.Build.0 = Debug|Win32
		{2DF4F75C-E555-48B8-8EA4-5DC9CD833FDE}.Release|x64.ActiveCfg = Release|x64
		{2DF4F75C-E555-48B8-8EA4-5DC9CD833FDE}.Release|x64.Build.0 = Release|x64
		{2DF4F75C-E555-48B8-8EA4-5DC9CD833FDE}.Release|x86.ActiveCfg = Release|Win32
		{2DF4F75C-E555-48B8-8EA4-5DC9CD833FDE}.Release|x86.Build.0 = Release|Win32
	EndGlobalSection
	GlobalSection(SolutionProperties) = preSolution
		HideSolutionNode = FALSE
	EndGlobalSection
	GlobalSection(ExtensibilityGlobals) = postSolution
		SolutionGuid = {47537DAE-D8E7-4D7D-9468-7D794A24A9FC}
	EndGlobalSection
EndGlobal
