
Microsoft Visual Studio Solution File, Format Version 12.00
# Visual Studio 15
VisualStudioVersion = 15.0.28010.2019
MinimumVisualStudioVersion = 10.0.40219.1
Project("{8BC9CEB8-8B4A-11D0-8D11-00A0C91BC942}") = "오름차순인가", "오름차순인가\오름차순인가.vcxproj", "{206F5D31-A19E-4B98-80DE-FBBB02E0A91E}"
EndProject
Global
	GlobalSection(SolutionConfigurationPlatforms) = preSolution
		Debug|x64 = Debug|x64
		Debug|x86 = Debug|x86
		Release|x64 = Release|x64
		Release|x86 = Release|x86
	EndGlobalSection
	GlobalSection(ProjectConfigurationPlatforms) = postSolution
		{206F5D31-A19E-4B98-80DE-FBBB02E0A91E}.Debug|x64.ActiveCfg = Debug|x64
		{206F5D31-A19E-4B98-80DE-FBBB02E0A91E}.Debug|x64.Build.0 = Debug|x64
		{206F5D31-A19E-4B98-80DE-FBBB02E0A91E}.Debug|x86.ActiveCfg = Debug|Win32
		{206F5D31-A19E-4B98-80DE-FBBB02E0A91E}.Debug|x86.Build.0 = Debug|Win32
		{206F5D31-A19E-4B98-80DE-FBBB02E0A91E}.Release|x64.ActiveCfg = Release|x64
		{206F5D31-A19E-4B98-80DE-FBBB02E0A91E}.Release|x64.Build.0 = Release|x64
		{206F5D31-A19E-4B98-80DE-FBBB02E0A91E}.Release|x86.ActiveCfg = Release|Win32
		{206F5D31-A19E-4B98-80DE-FBBB02E0A91E}.Release|x86.Build.0 = Release|Win32
	EndGlobalSection
	GlobalSection(SolutionProperties) = preSolution
		HideSolutionNode = FALSE
	EndGlobalSection
	GlobalSection(ExtensibilityGlobals) = postSolution
		SolutionGuid = {AD92E75A-67BF-4585-A42D-228433662601}
	EndGlobalSection
EndGlobal
