
Microsoft Visual Studio Solution File, Format Version 12.00
# Visual Studio 15
VisualStudioVersion = 15.0.28010.2019
MinimumVisualStudioVersion = 10.0.40219.1
Project("{8BC9CEB8-8B4A-11D0-8D11-00A0C91BC942}") = "데스트니", "데스트니\데스트니.vcxproj", "{1CC48761-5737-445C-8B02-7FB4327F17D3}"
EndProject
Global
	GlobalSection(SolutionConfigurationPlatforms) = preSolution
		Debug|x64 = Debug|x64
		Debug|x86 = Debug|x86
		Release|x64 = Release|x64
		Release|x86 = Release|x86
	EndGlobalSection
	GlobalSection(ProjectConfigurationPlatforms) = postSolution
		{1CC48761-5737-445C-8B02-7FB4327F17D3}.Debug|x64.ActiveCfg = Debug|x64
		{1CC48761-5737-445C-8B02-7FB4327F17D3}.Debug|x64.Build.0 = Debug|x64
		{1CC48761-5737-445C-8B02-7FB4327F17D3}.Debug|x86.ActiveCfg = Debug|Win32
		{1CC48761-5737-445C-8B02-7FB4327F17D3}.Debug|x86.Build.0 = Debug|Win32
		{1CC48761-5737-445C-8B02-7FB4327F17D3}.Release|x64.ActiveCfg = Release|x64
		{1CC48761-5737-445C-8B02-7FB4327F17D3}.Release|x64.Build.0 = Release|x64
		{1CC48761-5737-445C-8B02-7FB4327F17D3}.Release|x86.ActiveCfg = Release|Win32
		{1CC48761-5737-445C-8B02-7FB4327F17D3}.Release|x86.Build.0 = Release|Win32
	EndGlobalSection
	GlobalSection(SolutionProperties) = preSolution
		HideSolutionNode = FALSE
	EndGlobalSection
	GlobalSection(ExtensibilityGlobals) = postSolution
		SolutionGuid = {8ED91083-32A7-4254-B3D7-52BDD33BCCA6}
	EndGlobalSection
EndGlobal
