
Microsoft Visual Studio Solution File, Format Version 12.00
# Visual Studio 15
VisualStudioVersion = 15.0.28010.2019
MinimumVisualStudioVersion = 10.0.40219.1
Project("{8BC9CEB8-8B4A-11D0-8D11-00A0C91BC942}") = "정수바꾸기", "정수바꾸기\정수바꾸기.vcxproj", "{9B004FA2-FE83-4F6A-A5C4-B6E9C6CC0267}"
EndProject
Global
	GlobalSection(SolutionConfigurationPlatforms) = preSolution
		Debug|x64 = Debug|x64
		Debug|x86 = Debug|x86
		Release|x64 = Release|x64
		Release|x86 = Release|x86
	EndGlobalSection
	GlobalSection(ProjectConfigurationPlatforms) = postSolution
		{9B004FA2-FE83-4F6A-A5C4-B6E9C6CC0267}.Debug|x64.ActiveCfg = Debug|x64
		{9B004FA2-FE83-4F6A-A5C4-B6E9C6CC0267}.Debug|x64.Build.0 = Debug|x64
		{9B004FA2-FE83-4F6A-A5C4-B6E9C6CC0267}.Debug|x86.ActiveCfg = Debug|Win32
		{9B004FA2-FE83-4F6A-A5C4-B6E9C6CC0267}.Debug|x86.Build.0 = Debug|Win32
		{9B004FA2-FE83-4F6A-A5C4-B6E9C6CC0267}.Release|x64.ActiveCfg = Release|x64
		{9B004FA2-FE83-4F6A-A5C4-B6E9C6CC0267}.Release|x64.Build.0 = Release|x64
		{9B004FA2-FE83-4F6A-A5C4-B6E9C6CC0267}.Release|x86.ActiveCfg = Release|Win32
		{9B004FA2-FE83-4F6A-A5C4-B6E9C6CC0267}.Release|x86.Build.0 = Release|Win32
	EndGlobalSection
	GlobalSection(SolutionProperties) = preSolution
		HideSolutionNode = FALSE
	EndGlobalSection
	GlobalSection(ExtensibilityGlobals) = postSolution
		SolutionGuid = {32208179-8EC3-464B-8851-F7386E99DB2B}
	EndGlobalSection
EndGlobal
