
Microsoft Visual Studio Solution File, Format Version 12.00
# Visual Studio 15
VisualStudioVersion = 15.0.28010.2019
MinimumVisualStudioVersion = 10.0.40219.1
Project("{8BC9CEB8-8B4A-11D0-8D11-00A0C91BC942}") = "ㅊㅊㅆㅍ", "ㅊㅊㅆㅍ\ㅊㅊㅆㅍ.vcxproj", "{A569A798-7EF5-45E7-872B-3DA292672A80}"
EndProject
Global
	GlobalSection(SolutionConfigurationPlatforms) = preSolution
		Debug|x64 = Debug|x64
		Debug|x86 = Debug|x86
		Release|x64 = Release|x64
		Release|x86 = Release|x86
	EndGlobalSection
	GlobalSection(ProjectConfigurationPlatforms) = postSolution
		{A569A798-7EF5-45E7-872B-3DA292672A80}.Debug|x64.ActiveCfg = Debug|x64
		{A569A798-7EF5-45E7-872B-3DA292672A80}.Debug|x64.Build.0 = Debug|x64
		{A569A798-7EF5-45E7-872B-3DA292672A80}.Debug|x86.ActiveCfg = Debug|Win32
		{A569A798-7EF5-45E7-872B-3DA292672A80}.Debug|x86.Build.0 = Debug|Win32
		{A569A798-7EF5-45E7-872B-3DA292672A80}.Release|x64.ActiveCfg = Release|x64
		{A569A798-7EF5-45E7-872B-3DA292672A80}.Release|x64.Build.0 = Release|x64
		{A569A798-7EF5-45E7-872B-3DA292672A80}.Release|x86.ActiveCfg = Release|Win32
		{A569A798-7EF5-45E7-872B-3DA292672A80}.Release|x86.Build.0 = Release|Win32
	EndGlobalSection
	GlobalSection(SolutionProperties) = preSolution
		HideSolutionNode = FALSE
	EndGlobalSection
	GlobalSection(ExtensibilityGlobals) = postSolution
		SolutionGuid = {55E5306B-9D28-4204-B450-E5EFCED3408E}
	EndGlobalSection
EndGlobal
